
Microsoft Visual Studio Solution File, Format Version 12.00
# Visual Studio Version 16
VisualStudioVersion = 16.0.30011.22
MinimumVisualStudioVersion = 10.0.40219.1
Project("{2150E333-8FDC-42A3-9474-1A3956D46DE8}") = "Solution Items", "Solution Items", "{E7E6BE9D-0B78-4FB1-A704-DEE23B28DF64}"
EndProject
Project("{2150E333-8FDC-42A3-9474-1A3956D46DE8}") = "src", "src", "{E831536F-06E0-451F-B02C-D27EAF0D8BF4}"
EndProject
Project("{2150E333-8FDC-42A3-9474-1A3956D46DE8}") = "Aplication", "Aplication", "{F252EA5E-FCBE-4568-828C-F53B88C8E5AA}"
EndProject
Project("{2150E333-8FDC-42A3-9474-1A3956D46DE8}") = "Domain", "Domain", "{002D2156-539A-436A-9E57-94EEF0CCE6CD}"
EndProject
Project("{2150E333-8FDC-42A3-9474-1A3956D46DE8}") = "Service", "Service", "{B945851E-70D2-4C9B-A9C5-4B83A92F6E36}"
EndProject
Project("{2150E333-8FDC-42A3-9474-1A3956D46DE8}") = "Infra", "Infra", "{71BB16B5-EE59-4029-A039-BE6F07F425D6}"
EndProject
Project("{2150E333-8FDC-42A3-9474-1A3956D46DE8}") = "Data", "Data", "{7DB1B6B4-25C0-4018-B329-4C157C57FB71}"
EndProject
Project("{FAE04EC0-301F-11D3-BF4B-00C04F79EFBC}") = "Garden.Aplication", "Pomar.Aplication\Garden.Aplication.csproj", "{89342DC3-ACD4-4009-9E40-C276590010E0}"
EndProject
Project("{FAE04EC0-301F-11D3-BF4B-00C04F79EFBC}") = "Garden.Domain", "Pomar.Domain\Garden.Domain.csproj", "{B6A92B44-7556-4AC6-BC0D-A01E03A4B1DF}"
EndProject
Project("{FAE04EC0-301F-11D3-BF4B-00C04F79EFBC}") = "Garden.Service", "Pomar.Service\Garden.Service.csproj", "{A3135A8F-73AA-401A-9BEA-EB6E59497A42}"
EndProject
Project("{FAE04EC0-301F-11D3-BF4B-00C04F79EFBC}") = "Garden.Infra.Data", "Pomar.Infra.Data\Garden.Infra.Data.csproj", "{92BD4E09-1952-4DCE-8F07-1831D53F7F7B}"
EndProject
Project("{2150E333-8FDC-42A3-9474-1A3956D46DE8}") = "CrossCutting", "CrossCutting", "{DE334C6C-A117-4ED5-A9E4-D67E225E13DF}"
EndProject
Project("{FAE04EC0-301F-11D3-BF4B-00C04F79EFBC}") = "Garden.Infra.CrossCutting", "Pomar.Infra.CrossCutting\Garden.Infra.CrossCutting.csproj", "{95FBE403-8A08-49BA-8FCC-DCB26D463CF5}"
EndProject
Project("{2150E333-8FDC-42A3-9474-1A3956D46DE8}") = "Shared", "Shared", "{E4502400-8FFE-43F7-9F35-0BB59FA37A44}"
EndProject
Project("{FAE04EC0-301F-11D3-BF4B-00C04F79EFBC}") = "Garden.Infra.Shared", "Garden.Infra.Shared\Garden.Infra.Shared.csproj", "{EECD80B5-F1FC-4AEB-92F9-60573203A980}"
EndProject
Global
	GlobalSection(SolutionConfigurationPlatforms) = preSolution
		Debug|Any CPU = Debug|Any CPU
		Release|Any CPU = Release|Any CPU
	EndGlobalSection
	GlobalSection(ProjectConfigurationPlatforms) = postSolution
		{89342DC3-ACD4-4009-9E40-C276590010E0}.Debug|Any CPU.ActiveCfg = Debug|Any CPU
		{89342DC3-ACD4-4009-9E40-C276590010E0}.Debug|Any CPU.Build.0 = Debug|Any CPU
		{89342DC3-ACD4-4009-9E40-C276590010E0}.Release|Any CPU.ActiveCfg = Release|Any CPU
		{89342DC3-ACD4-4009-9E40-C276590010E0}.Release|Any CPU.Build.0 = Release|Any CPU
		{B6A92B44-7556-4AC6-BC0D-A01E03A4B1DF}.Debug|Any CPU.ActiveCfg = Debug|Any CPU
		{B6A92B44-7556-4AC6-BC0D-A01E03A4B1DF}.Debug|Any CPU.Build.0 = Debug|Any CPU
		{B6A92B44-7556-4AC6-BC0D-A01E03A4B1DF}.Release|Any CPU.ActiveCfg = Release|Any CPU
		{B6A92B44-7556-4AC6-BC0D-A01E03A4B1DF}.Release|Any CPU.Build.0 = Release|Any CPU
		{A3135A8F-73AA-401A-9BEA-EB6E59497A42}.Debug|Any CPU.ActiveCfg = Debug|Any CPU
		{A3135A8F-73AA-401A-9BEA-EB6E59497A42}.Debug|Any CPU.Build.0 = Debug|Any CPU
		{A3135A8F-73AA-401A-9BEA-EB6E59497A42}.Release|Any CPU.ActiveCfg = Release|Any CPU
		{A3135A8F-73AA-401A-9BEA-EB6E59497A42}.Release|Any CPU.Build.0 = Release|Any CPU
		{92BD4E09-1952-4DCE-8F07-1831D53F7F7B}.Debug|Any CPU.ActiveCfg = Debug|Any CPU
		{92BD4E09-1952-4DCE-8F07-1831D53F7F7B}.Debug|Any CPU.Build.0 = Debug|Any CPU
		{92BD4E09-1952-4DCE-8F07-1831D53F7F7B}.Release|Any CPU.ActiveCfg = Release|Any CPU
		{92BD4E09-1952-4DCE-8F07-1831D53F7F7B}.Release|Any CPU.Build.0 = Release|Any CPU
		{95FBE403-8A08-49BA-8FCC-DCB26D463CF5}.Debug|Any CPU.ActiveCfg = Debug|Any CPU
		{95FBE403-8A08-49BA-8FCC-DCB26D463CF5}.Debug|Any CPU.Build.0 = Debug|Any CPU
		{95FBE403-8A08-49BA-8FCC-DCB26D463CF5}.Release|Any CPU.ActiveCfg = Release|Any CPU
		{95FBE403-8A08-49BA-8FCC-DCB26D463CF5}.Release|Any CPU.Build.0 = Release|Any CPU
		{EECD80B5-F1FC-4AEB-92F9-60573203A980}.Debug|Any CPU.ActiveCfg = Debug|Any CPU
		{EECD80B5-F1FC-4AEB-92F9-60573203A980}.Debug|Any CPU.Build.0 = Debug|Any CPU
		{EECD80B5-F1FC-4AEB-92F9-60573203A980}.Release|Any CPU.ActiveCfg = Release|Any CPU
		{EECD80B5-F1FC-4AEB-92F9-60573203A980}.Release|Any CPU.Build.0 = Release|Any CPU
	EndGlobalSection
	GlobalSection(SolutionProperties) = preSolution
		HideSolutionNode = FALSE
	EndGlobalSection
	GlobalSection(NestedProjects) = preSolution
		{F252EA5E-FCBE-4568-828C-F53B88C8E5AA} = {E831536F-06E0-451F-B02C-D27EAF0D8BF4}
		{002D2156-539A-436A-9E57-94EEF0CCE6CD} = {E831536F-06E0-451F-B02C-D27EAF0D8BF4}
		{B945851E-70D2-4C9B-A9C5-4B83A92F6E36} = {E831536F-06E0-451F-B02C-D27EAF0D8BF4}
		{71BB16B5-EE59-4029-A039-BE6F07F425D6} = {E831536F-06E0-451F-B02C-D27EAF0D8BF4}
		{7DB1B6B4-25C0-4018-B329-4C157C57FB71} = {71BB16B5-EE59-4029-A039-BE6F07F425D6}
		{89342DC3-ACD4-4009-9E40-C276590010E0} = {F252EA5E-FCBE-4568-828C-F53B88C8E5AA}
		{B6A92B44-7556-4AC6-BC0D-A01E03A4B1DF} = {002D2156-539A-436A-9E57-94EEF0CCE6CD}
		{A3135A8F-73AA-401A-9BEA-EB6E59497A42} = {B945851E-70D2-4C9B-A9C5-4B83A92F6E36}
		{92BD4E09-1952-4DCE-8F07-1831D53F7F7B} = {7DB1B6B4-25C0-4018-B329-4C157C57FB71}
		{DE334C6C-A117-4ED5-A9E4-D67E225E13DF} = {71BB16B5-EE59-4029-A039-BE6F07F425D6}
		{95FBE403-8A08-49BA-8FCC-DCB26D463CF5} = {DE334C6C-A117-4ED5-A9E4-D67E225E13DF}
		{E4502400-8FFE-43F7-9F35-0BB59FA37A44} = {71BB16B5-EE59-4029-A039-BE6F07F425D6}
		{EECD80B5-F1FC-4AEB-92F9-60573203A980} = {E4502400-8FFE-43F7-9F35-0BB59FA37A44}
	EndGlobalSection
	GlobalSection(ExtensibilityGlobals) = postSolution
		SolutionGuid = {04DA17D1-11C9-4C84-A179-E8082F0912F3}
	EndGlobalSection
EndGlobal
